{
  "name": "hexo-stylus-import-from-node-modules",
  "version": "0.1.0",
  "lockfileVersion": 3,
  "requires": true,
  "packages": {
    "": {
      "name": "hexo-stylus-import-from-node-modules",
      "version": "0.1.0",
      "license": "GPLv3",
      "dependencies": {
        "node_modules-path": "^2.0.8"
      }
    },
    "node_modules/node_modules-path": {
      "version": "2.0.8",
      "resolved": "https://registry.npmjs.org/node_modules-path/-/node_modules-path-2.0.8.tgz",
      "integrity": "sha512-zYCbgNvIJLFxzHizfwMQ+wPTX5DHqee6hpTBs3Z/8TYUhvHCtVpJa0KGdVwaaD5RGHCUuaNua9abgBsNwH9WSw==",
      "bin": {
        "node_modules": "bin.js"
      },
      "engines": {
        "node": ">=10.15.3"
      }
    }
  }
}
